# This file is autogenerated, do not edit; changes may be undone by the next 'dep ensure'.


[[projects]]
  name = "github.com/allegro/bigcache"
  packages = [".","queue"]
  revision = "84a0ff3f153cbd7e280a19029a864bb04b504e62"
  version = "v1.2.0"

[[projects]]
  name = "github.com/aristanetworks/goarista"
  packages = ["monotime"]
  revision = "70ad3c3262ada0444973f3f02e4a8339319236b3"

[[projects]]
  name = "github.com/asaskevich/EventBus"
  packages = ["."]
  revision = "d46933a94f05c6657d7b923fcf5ac563ee37ec79"

[[projects]]
  name = "github.com/asdine/storm"
  packages = [".","codec","codec/json","index","internal","q"]
  revision = "e0f77eada154c7c2670527a8566d3c045880224f"
  version = "v2.2.1"

[[projects]]
  name = "github.com/btcsuite/btcd"
  packages = ["btcec"]
  revision = "f899737d7f2764dc13e4d01ff00108ec58f766a9"

[[projects]]
  name = "github.com/cheggaaa/pb"
  packages = ["."]
  revision = "c112833d014c77e8bde723fd0158e3156951639f"
  version = "v2.0.6"

[[projects]]
  name = "github.com/chzyer/readline"
  packages = ["."]
  revision = "2972be24d48e78746da79ba8e24e8b488c9880de"

[[projects]]
  name = "github.com/cihub/seelog"
  packages = ["."]
  revision = "d2c6e5aa9fbfdd1c624e140287063c7730654115"
  version = "v2.6"

[[projects]]
  name = "github.com/davecgh/go-spew"
  packages = ["spew"]
  revision = "8991bc29aa16c548c550c7ff78260e27b9ab7c73"
  version = "v1.1.1"

[[projects]]
  branch = "master"
  name = "github.com/deckarep/golang-set"
  packages = ["."]
  revision = "504e848d77ea4752b3057b8fb46da0e7f746ccf3"

[[projects]]
  name = "github.com/edsrzf/mmap-go"
  packages = ["."]
  revision = "188cc3b666ba704534fa4f96e9e61f21f1e1ba7c"
  version = "v1.0.0"

[[projects]]
  name = "github.com/ethereum/go-ethereum"
  packages = [".","accounts","accounts/abi","accounts/abi/bind","accounts/abi/bind/backends","accounts/keystore","common","common/bitutil","common/hexutil","common/math","common/mclock","common/prque","consensus","consensus/ethash","consensus/misc","core","core/bloombits","core/rawdb","core/state","core/types","core/vm","crypto","crypto/bn256","crypto/bn256/cloudflare","crypto/bn256/google","crypto/secp256k1","eth/filters","ethclient","ethdb","event","log","metrics","p2p/nat","p2p/netutil","params","rlp","rpc","trie"]
  revision = "c942700427557e3ff6de3aaf6b916e2f056c1ec2"
  version = "v1.8.23"

[[projects]]
  name = "github.com/gin-contrib/cors"
  packages = ["."]
  revision = "5f50d4fb4e0306dcacc6f8e9bea2dcee784dbbdf"
  version = "v1.3.0"

[[projects]]
  branch = "master"
  name = "github.com/gin-contrib/sse"
  packages = ["."]
  revision = "5545eab6dad3bbbd6c5ae9186383c2a9d23c0dae"

[[projects]]
  name = "github.com/gin-gonic/gin"
  packages = [".","binding","internal/json","render"]
  revision = "b75d67cd51eb53c3c3a2fc406524c940021ffbda"
  version = "v1.4.0"

[[projects]]
  name = "github.com/go-stack/stack"
  packages = ["."]
  revision = "259ab82a6cad3992b4e21ff5cac294ccb06474bc"
  version = "v1.7.0"

[[projects]]
  name = "github.com/gofrs/uuid"
  packages = ["."]
  revision = "370558f003bfe29580cd0f698d8640daccdcc45c"
  version = "v3.1.1"

[[projects]]
  name = "github.com/golang/protobuf"
  packages = ["proto"]
  revision = "b5d812f8a3706043e23a9cd5babf2e5423744d30"
  version = "v1.3.1"

[[projects]]
  branch = "master"
  name = "github.com/golang/snappy"
  packages = ["."]
  revision = "2e65f85255dbc3072edf28d6b5b8efc472979f5a"

[[projects]]
  name = "github.com/guptarohit/asciigraph"
  packages = ["."]
  revision = "b8c6bd8cace5d89062a57acb2012b0be08fb9525"
  version = "v0.4.1"

[[projects]]
  name = "github.com/hashicorp/golang-lru"
  packages = [".","simplelru"]
  revision = "20f1fb78b0740ba8c3cb143a61e86ba5c8669768"
  version = "v0.5.0"

[[projects]]
  name = "github.com/huin/goupnp"
  packages = [".","dcps/internetgateway1","dcps/internetgateway2","httpu","scpd","soap","ssdp"]
  revision = "656e61dfadd241c7cbdd22a023fa81ecb6860ea8"
  version = "v1.0.0"

[[projects]]
  name = "github.com/jackpal/gateway"
  packages = ["."]
  revision = "cbcf4e3f3baee7952fc386c8b2534af4d267c875"
  version = "v1.0.5"

[[projects]]
  name = "github.com/jackpal/go-nat-pmp"
  packages = ["."]
  revision = "c9cfead9f2a36ddf3daa40ba269aa7f4bbba6b62"
  version = "v1.0.1"

[[projects]]
  name = "github.com/json-iterator/go"
  packages = ["."]
  revision = "0ff49de124c6f76f8494e194af75bde0f1a49a29"
  version = "v1.1.6"

[[projects]]
  name = "github.com/julienschmidt/httprouter"
  packages = ["."]
  revision = "8c199fb6259ffc1af525cc3ad52ee60ba8359669"
  version = "v1.1"

[[projects]]
  name = "github.com/mattn/go-colorable"
  packages = ["."]
  revision = "167de6bfdfba052fa6b2d3664c8f5272e23c9072"
  version = "v0.0.9"

[[projects]]
  name = "github.com/mattn/go-isatty"
  packages = ["."]
  revision = "0360b2af4f38e8d38c7fce2a9f4e702702d73a39"
  version = "v0.0.3"

[[projects]]
  name = "github.com/mattn/go-runewidth"
  packages = ["."]
  revision = "3ee7d812e62a0804a7d0a324e0249ca2db3476d3"
  version = "v0.0.4"

[[projects]]
  branch = "master"
  name = "github.com/mdlayher/genetlink"
  packages = ["."]
  revision = "60417448a85124f4b675580ad4186e8776b27d91"

[[projects]]
  branch = "master"
  name = "github.com/mdlayher/netlink"
  packages = [".","nlenc"]
  revision = "258ea9dff42c0ec7540aa4b1599d09e7bfc7973b"

[[projects]]
  name = "github.com/microsoft/go-winio"
  packages = ["."]
  revision = "1a8911d1ed007260465c3bfbbc785ac6915a0bb8"
  version = "v0.4.12"

[[projects]]
  name = "github.com/mitchellh/go-homedir"
  packages = ["."]
  revision = "58046073cbffe2f25d425fe1331102f55cf719de"

[[projects]]
  name = "github.com/modern-go/concurrent"
  packages = ["."]
  revision = "bacd9c7ef1dd9b15be4a9909b8ac7a4e313eec94"
  version = "1.0.3"

[[projects]]
  name = "github.com/modern-go/reflect2"
  packages = ["."]
  revision = "4b7aa43c6742a2c18fdef89dd197aaae7dac7ccd"
  version = "1.0.1"

[[projects]]
  name = "github.com/mum4k/termdash"
  packages = [".","align","cell","container","container/grid","internal/alignfor","internal/area","internal/button","internal/canvas","internal/canvas/braille","internal/canvas/buffer","internal/draw","internal/event","internal/event/eventqueue","internal/numbers","internal/numbers/trig","internal/runewidth","internal/wrap","keyboard","linestyle","mouse","terminal/termbox","terminal/terminalapi","widgetapi","widgets/gauge","widgets/linechart","widgets/linechart/internal/axes","widgets/linechart/internal/zoom","widgets/textinput"]
  revision = "6fe095f49b2376fd173dcf1c23e455814d53aca4"
  version = "v0.9.1"

[[projects]]
  name = "github.com/mysteriumnetwork/go-dvpn-web"
  packages = ["."]
  revision = "a7801872b70262628f34bc57d17c11e2289f21d6"
  version = "0.0.1"

[[projects]]
  name = "github.com/mysteriumnetwork/go-openvpn"
  packages = ["openvpn","openvpn/config","openvpn/management","openvpn/middlewares/client/auth","openvpn/middlewares/client/bytescount","openvpn/middlewares/server/auth","openvpn/middlewares/state","openvpn/tls","openvpn/tunnel","openvpn3"]
  revision = "123097496fe71e64e9f5752127a257e3dce0631b"
  version = "0.0.13"

[[projects]]
  name = "github.com/mysteriumnetwork/payments"
  packages = ["cli/helpers","contracts/abigen","identity","mysttoken","promises","registry","test_utils"]
  revision = "c60d83ad4ee5bf2da3f68bee2d6d4ecbf795fce1"
  version = "v0.0.10"

[[projects]]
  name = "github.com/mysteriumnetwork/wireguard-go"
  packages = ["device","ratelimiter","replay","rwcancel","tai64n","tun","xchacha20poly1305"]
  revision = "625d21fc42f3eb8912bb031763c917c7fed7372f"

[[projects]]
  name = "github.com/nats-io/go-nats"
  packages = [".","encoders/builtin","util"]
  revision = "d66cb54e6b7bdd93f0b28afc8450d84c780dfb68"
  version = "v1.4.0"

[[projects]]
  branch = "master"
  name = "github.com/nats-io/nuid"
  packages = ["."]
  revision = "3024a71c3cbe30667286099921591e6fcc328230"

[[projects]]
  branch = "master"
  name = "github.com/nsf/termbox-go"
  packages = ["."]
  revision = "288510b9734e30e7966ec2f22b87c5f8e67345e3"

[[projects]]
  name = "github.com/olekukonko/tablewriter"
  packages = ["."]
  revision = "e6d60cf7ba1f42d86d54cdf5508611c4aafb3970"
  version = "v0.0.1"

[[projects]]
  name = "github.com/oschwald/geoip2-golang"
  packages = ["."]
  revision = "5b1dc16861f81d05d9836bb21c2d0d65282fc0b8"
  version = "v1.1.0"

[[projects]]
  name = "github.com/oschwald/maxminddb-golang"
  packages = ["."]
  revision = "8727e98aa1b91610eb184ed1ab615943b8d9deb0"
  version = "v1.2.1"

[[projects]]
  branch = "master"
  name = "github.com/pborman/uuid"
  packages = ["."]
  revision = "c65b2f87fee37d1c7854c9164a450713c28d50cd"

[[projects]]
  name = "github.com/pkg/errors"
  packages = ["."]
  revision = "ba968bfe8b2f7e042a574c888954fccecfa385b4"
  version = "v0.8.1"

[[projects]]
  name = "github.com/pmezard/go-difflib"
  packages = ["difflib"]
  revision = "792786c7400a136282c1664665ae0a8db921c6c2"
  version = "v1.0.0"

[[projects]]
  name = "github.com/rjeczalik/notify"
  packages = ["."]
  revision = "69d839f37b13a8cb7a78366f7633a4071cb43be7"
  version = "v0.9.2"

[[projects]]
  branch = "master"
  name = "github.com/rs/cors"
  packages = ["."]
  revision = "15587285ef6b6e7a3f657e2e00f9f271883bcf22"

[[projects]]
  branch = "master"
  name = "github.com/shurcooL/httpfs"
  packages = ["vfsutil"]
  revision = "74dc9339e414ad069a8d04bba7e7aafd08043a25"

[[projects]]
  branch = "master"
  name = "github.com/shurcooL/vfsgen"
  packages = ["."]
  revision = "6a9ea43bcacdf716a5c1b38efff722c07adf0069"

[[projects]]
  name = "github.com/songgao/water"
  packages = ["."]
  revision = "f6122f5b2fbd92ace9b2819f0be4148be5690a1f"

[[projects]]
  name = "github.com/stretchr/testify"
  packages = ["assert","require","suite"]
  revision = "f35b8ab0b5a2cef36673838d662e249dd9c94686"
  version = "v1.2.2"

[[projects]]
  name = "github.com/syndtr/goleveldb"
  packages = ["leveldb","leveldb/cache","leveldb/comparer","leveldb/errors","leveldb/filter","leveldb/iterator","leveldb/journal","leveldb/memdb","leveldb/opt","leveldb/storage","leveldb/table","leveldb/util"]
  revision = "c4c61651e9e37fa117f53c5a906d3b63090d8445"

[[projects]]
  name = "github.com/ugorji/go"
  packages = ["codec"]
  revision = "2adff0894ba3bc2eeb9f9aea45fefd49802e1a13"
  version = "v1.1.4"

[[projects]]
  name = "github.com/urfave/cli"
  packages = ["."]
  revision = "cfb38830724cc34fedffe9a2a29fb54fa9169cd1"
  version = "v1.20.0"

[[projects]]
  name = "go.etcd.io/bbolt"
  packages = ["."]
  revision = "63597a96ec0ad9e6d43c3fc81e809909e0237461"
  version = "v1.3.2"

[[projects]]
  branch = "master"
  name = "golang.org/x/crypto"
  packages = ["blake2s","chacha20poly1305","curve25519","internal/chacha20","internal/subtle","pbkdf2","poly1305","ripemd160","scrypt","sha3"]
  revision = "7f87c0fbb88b590338857bcb720678c2583d4dea"

[[projects]]
  branch = "release-branch.go1.11"
  name = "golang.org/x/net"
  packages = ["bpf","html","html/atom","html/charset","internal/iana","internal/socket","ipv4","ipv6","websocket"]
  revision = "c39426892332e1bb5ec0a434a079bf82f5d30c54"

[[projects]]
  branch = "master"
  name = "golang.org/x/sys"
  packages = ["cpu","unix","windows","windows/registry"]
  revision = "9eb1bfa1ce65ae8a6ff3114b0aaf9a41a6cf3560"

[[projects]]
  name = "golang.org/x/text"
  packages = ["encoding","encoding/charmap","encoding/htmlindex","encoding/internal","encoding/internal/identifier","encoding/japanese","encoding/korean","encoding/simplifiedchinese","encoding/traditionalchinese","encoding/unicode","internal/gen","internal/tag","internal/utf8internal","language","runes","transform","unicode/cldr"]
  revision = "f21a4dfb5e38f5895301dc265a8def02365cc3d0"
  version = "v0.3.0"

[[projects]]
  name = "golang.zx2c4.com/wireguard/wgctrl"
  packages = [".","internal/wginternal","internal/wglinux","internal/wglinux/internal/wgh","internal/wgopenbsd","internal/wguser","wgtypes"]
  revision = "5ec88494b814a16a2a5fa7f2cfb4b94016ac5fac"

[[projects]]
  name = "gopkg.in/VividCortex/ewma.v1"
  packages = ["."]
  revision = "b24eb346a94c3ba12c1da1e564dbac1b498a77ce"
  version = "v1.1.1"

[[projects]]
  name = "gopkg.in/cheggaaa/pb.v2"
  packages = ["termutil"]
  revision = "c112833d014c77e8bde723fd0158e3156951639f"
  version = "v2.0.6"

[[projects]]
  name = "gopkg.in/fatih/color.v1"
  packages = ["."]
  revision = "5b77d2a35fb0ede96d138fc9a99f5c9b6aef11b4"
  version = "v1.7.0"

[[projects]]
  name = "gopkg.in/go-playground/validator.v8"
  packages = ["."]
  revision = "5f1438d3fca68893a817e4a66806cea46a9e4ebf"
  version = "v8.18.2"

[[projects]]
  name = "gopkg.in/mattn/go-colorable.v0"
  packages = ["."]
  revision = "167de6bfdfba052fa6b2d3664c8f5272e23c9072"
  version = "v0.0.9"

[[projects]]
  name = "gopkg.in/mattn/go-isatty.v0"
  packages = ["."]
  revision = "0360b2af4f38e8d38c7fce2a9f4e702702d73a39"
  version = "v0.0.3"

[[projects]]
  name = "gopkg.in/mattn/go-runewidth.v0"
  packages = ["."]
  revision = "9e777a8366cce605130a531d2cd6363d07ad7317"
  version = "v0.0.2"

[[projects]]
  branch = "v2"
  name = "gopkg.in/natefinch/npipe.v2"
  packages = ["."]
  revision = "c1b8fa8bdccecb0b8db834ee0b92fdbcfa606dd6"

[[projects]]
  name = "gopkg.in/yaml.v2"
  packages = ["."]
  revision = "51d6538a90f86fe93ac480b35f37b2be17fef232"
  version = "v2.2.2"

[solve-meta]
  analyzer-name = "dep"
  analyzer-version = 1
  inputs-digest = "36525c0ddd6e58effd37d985498560411186666216e1bd853211e413487ef6ff"
  solver-name = "gps-cdcl"
  solver-version = 1
